
Microsoft Visual Studio Solution File, Format Version 12.00
# Visual Studio 2012
Project("{2150E333-8FDC-42A3-9474-1A3956D46DE8}") = "common", "common", "{F72D7CB3-A0EA-431F-981A-9EB2116DE3E4}"
EndProject
Project("{FAE04EC0-301F-11D3-BF4B-00C04F79EFBC}") = "Tekconf.DTO", "common\Tekconf.DTO\Tekconf.DTO.csproj", "{C1FC50AD-2DB6-42A1-8C22-93EB78C29116}"
EndProject
Project("{2150E333-8FDC-42A3-9474-1A3956D46DE8}") = "mobile", "mobile", "{4E65BAA9-D2FF-44C0-AD7A-5214B4DF27B5}"
EndProject
Project("{FAE04EC0-301F-11D3-BF4B-00C04F79EFBC}") = "core", "mobile\core\core.csproj", "{F3CB4036-9E90-499A-80B4-0654FBE5CD7A}"
EndProject
Project("{FAE04EC0-301F-11D3-BF4B-00C04F79EFBC}") = "TekConf", "mobile\ios\TekConf.csproj", "{6F7AA443-69DC-4165-9F95-1D162CFEED95}"
EndProject
Project("{FAE04EC0-301F-11D3-BF4B-00C04F79EFBC}") = "tests.ui", "mobile\tests.ui\tests.ui.csproj", "{BD9D324E-A351-4B11-9504-6D5C0E7B1159}"
EndProject
Global
	GlobalSection(SolutionConfigurationPlatforms) = preSolution
		Debug|Any CPU = Debug|Any CPU
		Release|Any CPU = Release|Any CPU
		Debug|iPhoneSimulator = Debug|iPhoneSimulator
		Release|iPhone = Release|iPhone
		Release|iPhoneSimulator = Release|iPhoneSimulator
		Debug|iPhone = Debug|iPhone
	EndGlobalSection
	GlobalSection(ProjectConfigurationPlatforms) = postSolution
		{6F7AA443-69DC-4165-9F95-1D162CFEED95}.Debug|Any CPU.ActiveCfg = Debug|iPhoneSimulator
		{6F7AA443-69DC-4165-9F95-1D162CFEED95}.Debug|Any CPU.Build.0 = Debug|iPhoneSimulator
		{6F7AA443-69DC-4165-9F95-1D162CFEED95}.Debug|iPhone.ActiveCfg = Debug|iPhone
		{6F7AA443-69DC-4165-9F95-1D162CFEED95}.Debug|iPhone.Build.0 = Debug|iPhone
		{6F7AA443-69DC-4165-9F95-1D162CFEED95}.Debug|iPhoneSimulator.ActiveCfg = Debug|iPhoneSimulator
		{6F7AA443-69DC-4165-9F95-1D162CFEED95}.Debug|iPhoneSimulator.Build.0 = Debug|iPhoneSimulator
		{6F7AA443-69DC-4165-9F95-1D162CFEED95}.Release|Any CPU.ActiveCfg = Release|iPhone
		{6F7AA443-69DC-4165-9F95-1D162CFEED95}.Release|Any CPU.Build.0 = Release|iPhone
		{6F7AA443-69DC-4165-9F95-1D162CFEED95}.Release|iPhone.ActiveCfg = Release|iPhone
		{6F7AA443-69DC-4165-9F95-1D162CFEED95}.Release|iPhone.Build.0 = Release|iPhone
		{6F7AA443-69DC-4165-9F95-1D162CFEED95}.Release|iPhoneSimulator.ActiveCfg = Release|iPhoneSimulator
		{6F7AA443-69DC-4165-9F95-1D162CFEED95}.Release|iPhoneSimulator.Build.0 = Release|iPhoneSimulator
		{BD9D324E-A351-4B11-9504-6D5C0E7B1159}.Debug|Any CPU.ActiveCfg = Debug|Any CPU
		{BD9D324E-A351-4B11-9504-6D5C0E7B1159}.Debug|Any CPU.Build.0 = Debug|Any CPU
		{BD9D324E-A351-4B11-9504-6D5C0E7B1159}.Debug|iPhone.ActiveCfg = Debug|Any CPU
		{BD9D324E-A351-4B11-9504-6D5C0E7B1159}.Debug|iPhone.Build.0 = Debug|Any CPU
		{BD9D324E-A351-4B11-9504-6D5C0E7B1159}.Debug|iPhoneSimulator.ActiveCfg = Debug|Any CPU
		{BD9D324E-A351-4B11-9504-6D5C0E7B1159}.Debug|iPhoneSimulator.Build.0 = Debug|Any CPU
		{BD9D324E-A351-4B11-9504-6D5C0E7B1159}.Release|Any CPU.ActiveCfg = Release|Any CPU
		{BD9D324E-A351-4B11-9504-6D5C0E7B1159}.Release|Any CPU.Build.0 = Release|Any CPU
		{BD9D324E-A351-4B11-9504-6D5C0E7B1159}.Release|iPhone.ActiveCfg = Release|Any CPU
		{BD9D324E-A351-4B11-9504-6D5C0E7B1159}.Release|iPhone.Build.0 = Release|Any CPU
		{BD9D324E-A351-4B11-9504-6D5C0E7B1159}.Release|iPhoneSimulator.ActiveCfg = Release|Any CPU
		{BD9D324E-A351-4B11-9504-6D5C0E7B1159}.Release|iPhoneSimulator.Build.0 = Release|Any CPU
		{C1FC50AD-2DB6-42A1-8C22-93EB78C29116}.Debug|Any CPU.ActiveCfg = Debug|Any CPU
		{C1FC50AD-2DB6-42A1-8C22-93EB78C29116}.Debug|Any CPU.Build.0 = Debug|Any CPU
		{C1FC50AD-2DB6-42A1-8C22-93EB78C29116}.Debug|iPhone.ActiveCfg = Debug|Any CPU
		{C1FC50AD-2DB6-42A1-8C22-93EB78C29116}.Debug|iPhone.Build.0 = Debug|Any CPU
		{C1FC50AD-2DB6-42A1-8C22-93EB78C29116}.Debug|iPhoneSimulator.ActiveCfg = Debug|Any CPU
		{C1FC50AD-2DB6-42A1-8C22-93EB78C29116}.Debug|iPhoneSimulator.Build.0 = Debug|Any CPU
		{C1FC50AD-2DB6-42A1-8C22-93EB78C29116}.Release|Any CPU.ActiveCfg = Release|Any CPU
		{C1FC50AD-2DB6-42A1-8C22-93EB78C29116}.Release|Any CPU.Build.0 = Release|Any CPU
		{C1FC50AD-2DB6-42A1-8C22-93EB78C29116}.Release|iPhone.ActiveCfg = Release|Any CPU
		{C1FC50AD-2DB6-42A1-8C22-93EB78C29116}.Release|iPhone.Build.0 = Release|Any CPU
		{C1FC50AD-2DB6-42A1-8C22-93EB78C29116}.Release|iPhoneSimulator.ActiveCfg = Release|Any CPU
		{C1FC50AD-2DB6-42A1-8C22-93EB78C29116}.Release|iPhoneSimulator.Build.0 = Release|Any CPU
		{F3CB4036-9E90-499A-80B4-0654FBE5CD7A}.Debug|Any CPU.ActiveCfg = Debug|Any CPU
		{F3CB4036-9E90-499A-80B4-0654FBE5CD7A}.Debug|Any CPU.Build.0 = Debug|Any CPU
		{F3CB4036-9E90-499A-80B4-0654FBE5CD7A}.Debug|iPhone.ActiveCfg = Debug|Any CPU
		{F3CB4036-9E90-499A-80B4-0654FBE5CD7A}.Debug|iPhone.Build.0 = Debug|Any CPU
		{F3CB4036-9E90-499A-80B4-0654FBE5CD7A}.Debug|iPhoneSimulator.ActiveCfg = Debug|Any CPU
		{F3CB4036-9E90-499A-80B4-0654FBE5CD7A}.Debug|iPhoneSimulator.Build.0 = Debug|Any CPU
		{F3CB4036-9E90-499A-80B4-0654FBE5CD7A}.Release|Any CPU.ActiveCfg = Release|Any CPU
		{F3CB4036-9E90-499A-80B4-0654FBE5CD7A}.Release|Any CPU.Build.0 = Release|Any CPU
		{F3CB4036-9E90-499A-80B4-0654FBE5CD7A}.Release|iPhone.ActiveCfg = Release|Any CPU
		{F3CB4036-9E90-499A-80B4-0654FBE5CD7A}.Release|iPhone.Build.0 = Release|Any CPU
		{F3CB4036-9E90-499A-80B4-0654FBE5CD7A}.Release|iPhoneSimulator.ActiveCfg = Release|Any CPU
		{F3CB4036-9E90-499A-80B4-0654FBE5CD7A}.Release|iPhoneSimulator.Build.0 = Release|Any CPU
	EndGlobalSection
	GlobalSection(NestedProjects) = preSolution
		{C1FC50AD-2DB6-42A1-8C22-93EB78C29116} = {F72D7CB3-A0EA-431F-981A-9EB2116DE3E4}
		{F3CB4036-9E90-499A-80B4-0654FBE5CD7A} = {4E65BAA9-D2FF-44C0-AD7A-5214B4DF27B5}
		{6F7AA443-69DC-4165-9F95-1D162CFEED95} = {4E65BAA9-D2FF-44C0-AD7A-5214B4DF27B5}
		{BD9D324E-A351-4B11-9504-6D5C0E7B1159} = {4E65BAA9-D2FF-44C0-AD7A-5214B4DF27B5}
	EndGlobalSection
EndGlobal
